// !$*UTF8*$!
{
	archiveVersion = 1;
	classes = {
	};
	objectVersion = 50;
	objects = {

/* Begin PBXBuildFile section */
		D8A2AFFF2403CADB003DB159 /* AppDelegate.swift in Sources */ = {isa = PBXBuildFile; fileRef = D8A2AFFE2403CADB003DB159 /* AppDelegate.swift */; };
		D8A2B0012403CADB003DB159 /* SceneDelegate.swift in Sources */ = {isa = PBXBuildFile; fileRef = D8A2B0002403CADB003DB159 /* SceneDelegate.swift */; };
		D8A2B0032403CADB003DB159 /* ViewController.swift in Sources */ = {isa = PBXBuildFile; fileRef = D8A2B0022403CADB003DB159 /* ViewController.swift */; };
		D8A2B0062403CADB003DB159 /* Main.storyboard in Resources */ = {isa = PBXBuildFile; fileRef = D8A2B0042403CADB003DB159 /* Main.storyboard */; };
		D8A2B0082403CAE2003DB159 /* Assets.xcassets in Resources */ = {isa = PBXBuildFile; fileRef = D8A2B0072403CAE2003DB159 /* Assets.xcassets */; };
		D8A2B00B2403CAE2003DB159 /* LaunchScreen.storyboard in Resources */ = {isa = PBXBuildFile; fileRef = D8A2B0092403CAE2003DB159 /* LaunchScreen.storyboard */; };
		D8A2B0132403CBB1003DB159 /* UIColor.swift in Sources */ = {isa = PBXBuildFile; fileRef = D8A2B0122403CBB1003DB159 /* UIColor.swift */; };
/* End PBXBuildFile section */

/* Begin PBXFileReference section */
		D8A2AFFB2403CADB003DB159 /* UC VISION.app */ = {isa = PBXFileReference; explicitFileType = wrapper.application; includeInIndex = 0; path = "UC VISION.app"; sourceTree = BUILT_PRODUCTS_DIR; };
		D8A2AFFE2403CADB003DB159 /* AppDelegate.swift */ = {isa = PBXFileReference; lastKnownFileType = sourcecode.swift; path = AppDelegate.swift; sourceTree = "<group>"; };
		D8A2B0002403CADB003DB159 /* SceneDelegate.swift */ = {isa = PBXFileReference; lastKnownFileType = sourcecode.swift; path = SceneDelegate.swift; sourceTree = "<group>"; };
		D8A2B0022403CADB003DB159 /* ViewController.swift */ = {isa = PBXFileReference; lastKnownFileType = sourcecode.swift; path = ViewController.swift; sourceTree = "<group>"; };
		D8A2B0052403CADB003DB159 /* Base */ = {isa = PBXFileReference; lastKnownFileType = file.storyboard; name = Base; path = Base.lproj/Main.storyboard; sourceTree = "<group>"; };
		D8A2B0072403CAE2003DB159 /* Assets.xcassets */ = {isa = PBXFileReference; lastKnownFileType = folder.assetcatalog; path = Assets.xcassets; sourceTree = "<group>"; };
		D8A2B00A2403CAE2003DB159 /* Base */ = {isa = PBXFileReference; lastKnownFileType = file.storyboard; name = Base; path = Base.lproj/LaunchScreen.storyboard; sourceTree = "<group>"; };
		D8A2B00C2403CAE2003DB159 /* Info.plist */ = {isa = PBXFileReference; lastKnownFileType = text.plist.xml; path = Info.plist; sourceTree = "<group>"; };
		D8A2B0122403CBB1003DB159 /* UIColor.swift */ = {isa = PBXFileReference; lastKnownFileType = sourcecode.swift; path = UIColor.swift; sourceTree = "<group>"; };
/* End PBXFileReference section */

/* Begin PBXFrameworksBuildPhase section */
		D8A2AFF82403CADB003DB159 /* Frameworks */ = {
			isa = PBXFrameworksBuildPhase;
			buildActionMask = 2147483647;
			files = (
			);
			runOnlyForDeploymentPostprocessing = 0;
		};
/* End PBXFrameworksBuildPhase section */

/* Begin PBXGroup section */
		D8A2AFF22403CADB003DB159 = {
			isa = PBXGroup;
			children = (
				D8A2AFFD2403CADB003DB159 /* UC VISION */,
				D8A2AFFC2403CADB003DB159 /* Products */,
			);
			sourceTree = "<group>";
		};
		D8A2AFFC2403CADB003DB159 /* Products */ = {
			isa = PBXGroup;
			children = (
				D8A2AFFB2403CADB003DB159 /* UC VISION.app */,
			);
			name = Products;
			sourceTree = "<group>";
		};
		D8A2AFFD2403CADB003DB159 /* UC VISION */ = {
			isa = PBXGroup;
			children = (
				D8A2AFFE2403CADB003DB159 /* AppDelegate.swift */,
				D8A2B0002403CADB003DB159 /* SceneDelegate.swift */,
				D8A2B0022403CADB003DB159 /* ViewController.swift */,
				D8A2B0042403CADB003DB159 /* Main.storyboard */,
				D8A2B0122403CBB1003DB159 /* UIColor.swift */,
				D8A2B0072403CAE2003DB159 /* Assets.xcassets */,
				D8A2B0092403CAE2003DB159 /* LaunchScreen.storyboard */,
				D8A2B00C2403CAE2003DB159 /* Info.plist */,
			);
			path = "UC VISION";
			sourceTree = "<group>";
		};
/* End PBXGroup section */

/* Begin PBXNativeTarget section */
		D8A2AFFA2403CADB003DB159 /* UC VISION */ = {
			isa = PBXNativeTarget;
			buildConfigurationList = D8A2B00F2403CAE3003DB159 /* Build configuration list for PBXNativeTarget "UC VISION" */;
			buildPhases = (
				D8A2AFF72403CADB003DB159 /* Sources */,
				D8A2AFF82403CADB003DB159 /* Frameworks */,
				D8A2AFF92403CADB003DB159 /* Resources */,
			);
			buildRules = (
			);
			dependencies = (
			);
			name = "UC VISION";
			productName = "UC VISION";
			productReference = D8A2AFFB2403CADB003DB159 /* UC VISION.app */;
			productType = "com.apple.product-type.application";
		};
/* End PBXNativeTarget section */

/* Begin PBXProject section */
		D8A2AFF32403CADB003DB159 /* Project object */ = {
			isa = PBXProject;
			attributes = {
				LastSwiftUpdateCheck = 1130;
				LastUpgradeCheck = 1130;
				ORGANIZATIONNAME = "Niraj Hirachan";
				TargetAttributes = {
					D8A2AFFA2403CADB003DB159 = {
						CreatedOnToolsVersion = 11.3.1;
					};
				};
			};
			buildConfigurationList = D8A2AFF62403CADB003DB159 /* Build configuration list for PBXProject "UC VISION" */;
			compatibilityVersion = "Xcode 9.3";
			developmentRegion = en;
			hasScannedForEncodings = 0;
			knownRegions = (
				en,
				Base,
			);
			mainGroup = D8A2AFF22403CADB003DB159;
			productRefGroup = D8A2AFFC2403CADB003DB159 /* Products */;
			projectDirPath = "";
			projectRoot = "";
			targets = (
				D8A2AFFA2403CADB003DB159 /* UC VISION */,
			);
		};
/* End PBXProject section */

/* Begin PBXResourcesBuildPhase section */
		D8A2AFF92403CADB003DB159 /* Resources */ = {
			isa = PBXResourcesBuildPhase;
			buildActionMask = 2147483647;
			files = (
				D8A2B00B2403CAE2003DB159 /* LaunchScreen.storyboard in Resources */,
				D8A2B0082403CAE2003DB159 /* Assets.xcassets in Resources */,
				D8A2B0062403CADB003DB159 /* Main.storyboard in Resources */,
			);
			runOnlyForDeploymentPostprocessing = 0;
		};
/* End PBXResourcesBuildPhase section */

/* Begin PBXSourcesBuildPhase section */
		D8A2AFF72403CADB003DB159 /* Sources */ = {
			isa = PBXSourcesBuildPhase;
			buildActionMask = 2147483647;
			files = (
				D8A2B0032403CADB003DB159 /* ViewController.swift in Sources */,
				D8A2B0132403CBB1003DB159 /* UIColor.swift in Sources */,
				D8A2AFFF2403CADB003DB159 /* AppDelegate.swift in Sources */,
				D8A2B0012403CADB003DB159 /* SceneDelegate.swift in Sources */,
			);
			runOnlyForDeploymentPostprocessing = 0;
		};
/* End PBXSourcesBuildPhase section */

/* Begin PBXVariantGroup section */
		D8A2B0042403CADB003DB159 /* Main.storyboard */ = {
			isa = PBXVariantGroup;
			children = (
				D8A2B0052403CADB003DB159 /* Base */,
			);
			name = Main.storyboard;
			sourceTree = "<group>";
		};
		D8A2B0092403CAE2003DB159 /* LaunchScreen.storyboard */ = {
			isa = PBXVariantGroup;
			children = (
				D8A2B00A2403CAE2003DB159 /* Base */,
			);
			name = LaunchScreen.storyboard;
			sourceTree = "<group>";
		};
/* End PBXVariantGroup section */

/* Begin XCBuildConfiguration section */
		D8A2B00D2403CAE3003DB159 /* Debug */ = {
			isa = XCBuildConfiguration;
			buildSettings = {
				ALWAYS_SEARCH_USER_PATHS = NO;
				CLANG_ANALYZER_NONNULL = YES;
				CLANG_ANALYZER_NUMBER_OBJECT_CONVERSION = YES_AGGRESSIVE;
				CLANG_CXX_LANGUAGE_STANDARD = "gnu++14";
				CLANG_CXX_LIBRARY = "libc++";
				CLANG_ENABLE_MODULES = YES;
				CLANG_ENABLE_OBJC_ARC = YES;
				CLANG_ENABLE_OBJC_WEAK = YES;
				CLANG_WARN_BLOCK_CAPTURE_AUTORELEASING = YES;
				CLANG_WARN_BOOL_CONVERSION = YES;
				CLANG_WARN_COMMA = YES;
				CLANG_WARN_CONSTANT_CONVERSION = YES;
				CLANG_WARN_DEPRECATED_OBJC_IMPLEMENTATIONS = YES;
				CLANG_WARN_DIRECT_OBJC_ISA_USAGE = YES_ERROR;
				CLANG_WARN_DOCUMENTATION_COMMENTS = YES;
				CLANG_WARN_EMPTY_BODY = YES;
				CLANG_WARN_ENUM_CONVERSION = YES;
				CLANG_WARN_INFINITE_RECURSION = YES;
				CLANG_WARN_INT_CONVERSION = YES;
				CLANG_WARN_NON_LITERAL_NULL_CONVERSION = YES;
				CLANG_WARN_OBJC_IMPLICIT_RETAIN_SELF = YES;
				CLANG_WARN_OBJC_LITERAL_CONVERSION = YES;
				CLANG_WARN_OBJC_ROOT_CLASS = YES_ERROR;
				CLANG_WARN_RANGE_LOOP_ANALYSIS = YES;
				CLANG_WARN_STRICT_PROTOTYPES = YES;
				CLANG_WARN_SUSPICIOUS_MOVE = YES;
				CLANG_WARN_UNGUARDED_AVAILABILITY = YES_AGGRESSIVE;
				CLANG_WARN_UNREACHABLE_CODE = YES;
				CLANG_WARN__DUPLICATE_METHOD_MATCH = YES;
				COPY_PHASE_STRIP = NO;
				DEBUG_INFORMATION_FORMAT = dwarf;
				ENABLE_STRICT_OBJC_MSGSEND = YES;
				ENABLE_TESTABILITY = YES;
				GCC_C_LANGUAGE_STANDARD = gnu11;
				GCC_DYNAMIC_NO_PIC = NO;
				GCC_NO_COMMON_BLOCKS = YES;
				GCC_OPTIMIZATION_LEVEL = 0;
				GCC_PREPROCESSOR_DEFINITIONS = (
					"DEBUG=1",
					"$(inherited)",
				);
				GCC_WARN_64_TO_32_BIT_CONVERSION = YES;
				GCC_WARN_ABOUT_RETURN_TYPE = YES_ERROR;
				GCC_WARN_UNDECLARED_SELECTOR = YES;
				GCC_WARN_UNINITIALIZED_AUTOS = YES_AGGRESSIVE;
				GCC_WARN_UNUSED_FUNCTION = YES;
				GCC_WARN_UNUSED_VARIABLE = YES;
				IPHONEOS_DEPLOYMENT_TARGET = 13.2;
				MTL_ENABLE_DEBUG_INFO = INCLUDE_SOURCE;
				MTL_FAST_MATH = YES;
				ONLY_ACTIVE_ARCH = YES;
				SDKROOT = iphoneos;
				SWIFT_ACTIVE_COMPILATION_CONDITIONS = DEBUG;
				SWIFT_OPTIMIZATION_LEVEL = "-Onone";
			};
			name = Debug;
		};
		D8A2B00E2403CAE3003DB159 /* Release */ = {
			isa = XCBuildConfiguration;
			buildSettings = {
				ALWAYS_SEARCH_USER_PATHS = NO;
				CLANG_ANALYZER_NONNULL = YES;
				CLANG_ANALYZER_NUMBER_OBJECT_CONVERSION = YES_AGGRESSIVE;
				CLANG_CXX_LANGUAGE_STANDARD = "gnu++14";
				CLANG_CXX_LIBRARY = "libc++";
				CLANG_ENABLE_MODULES = YES;
				CLANG_ENABLE_OBJC_ARC = YES;
				CLANG_ENABLE_OBJC_WEAK = YES;
				CLANG_WARN_BLOCK_CAPTURE_AUTORELEASING = YES;
				CLANG_WARN_BOOL_CONVERSION = YES;
				CLANG_WARN_COMMA = YES;
				CLANG_WARN_CONSTANT_CONVERSION = YES;
				CLANG_WARN_DEPRECATED_OBJC_IMPLEMENTATIONS = YES;
				CLANG_WARN_DIRECT_OBJC_ISA_USAGE = YES_ERROR;
				CLANG_WARN_DOCUMENTATION_COMMENTS = YES;
				CLANG_WARN_EMPTY_BODY = YES;
				CLANG_WARN_ENUM_CONVERSION = YES;
				CLANG_WARN_INFINITE_RECURSION = YES;
				CLANG_WARN_INT_CONVERSION = YES;
				CLANG_WARN_NON_LITERAL_NULL_CONVERSION = YES;
				CLANG_WARN_OBJC_IMPLICIT_RETAIN_SELF = YES;
				CLANG_WARN_OBJC_LITERAL_CONVERSION = YES;
				CLANG_WARN_OBJC_ROOT_CLASS = YES_ERROR;
				CLANG_WARN_RANGE_LOOP_ANALYSIS = YES;
				CLANG_WARN_STRICT_PROTOTYPES = YES;
				CLANG_WARN_SUSPICIOUS_MOVE = YES;
				CLANG_WARN_UNGUARDED_AVAILABILITY = YES_AGGRESSIVE;
				CLANG_WARN_UNREACHABLE_CODE = YES;
				CLANG_WARN__DUPLICATE_METHOD_MATCH = YES;
				COPY_PHASE_STRIP = NO;
				DEBUG_INFORMATION_FORMAT = "dwarf-with-dsym";
				ENABLE_NS_ASSERTIONS = NO;
				ENABLE_STRICT_OBJC_MSGSEND = YES;
				GCC_C_LANGUAGE_STANDARD = gnu11;
				GCC_NO_COMMON_BLOCKS = YES;
				GCC_WARN_64_TO_32_BIT_CONVERSION = YES;
				GCC_WARN_ABOUT_RETURN_TYPE = YES_ERROR;
				GCC_WARN_UNDECLARED_SELECTOR = YES;
				GCC_WARN_UNINITIALIZED_AUTOS = YES_AGGRESSIVE;
				GCC_WARN_UNUSED_FUNCTION = YES;
				GCC_WARN_UNUSED_VARIABLE = YES;
				IPHONEOS_DEPLOYMENT_TARGET = 13.2;
				MTL_ENABLE_DEBUG_INFO = NO;
				MTL_FAST_MATH = YES;
				SDKROOT = iphoneos;
				SWIFT_COMPILATION_MODE = wholemodule;
				SWIFT_OPTIMIZATION_LEVEL = "-O";
				VALIDATE_PRODUCT = YES;
			};
			name = Release;
		};
		D8A2B0102403CAE3003DB159 /* Debug */ = {
			isa = XCBuildConfiguration;
			buildSettings = {
				ASSETCATALOG_COMPILER_APPICON_NAME = AppIcon;
				CODE_SIGN_STYLE = Automatic;
				DEVELOPMENT_TEAM = JX3NNAVP4S;
				INFOPLIST_FILE = "UC VISION/Info.plist";
				LD_RUNPATH_SEARCH_PATHS = (
					"$(inherited)",
					"@executable_path/Frameworks",
				);
				PRODUCT_BUNDLE_IDENTIFIER = "np.com.nirajhirachan.UC-VISION";
				PRODUCT_NAME = "$(TARGET_NAME)";
				SWIFT_VERSION = 5.0;
				TARGETED_DEVICE_FAMILY = "1,2";
			};
			name = Debug;
		};
		D8A2B0112403CAE3003DB159 /* Release */ = {
			isa = XCBuildConfiguration;
			buildSettings = {
				ASSETCATALOG_COMPILER_APPICON_NAME = AppIcon;
				CODE_SIGN_STYLE = Automatic;
				DEVELOPMENT_TEAM = JX3NNAVP4S;
				INFOPLIST_FILE = "UC VISION/Info.plist";
				LD_RUNPATH_SEARCH_PATHS = (
					"$(inherited)",
					"@executable_path/Frameworks",
				);
				PRODUCT_BUNDLE_IDENTIFIER = "np.com.nirajhirachan.UC-VISION";
				PRODUCT_NAME = "$(TARGET_NAME)";
				SWIFT_VERSION = 5.0;
				TARGETED_DEVICE_FAMILY = "1,2";
			};
			name = Release;
		};
/* End XCBuildConfiguration section */

/* Begin XCConfigurationList section */
		D8A2AFF62403CADB003DB159 /* Build configuration list for PBXProject "UC VISION" */ = {
			isa = XCConfigurationList;
			buildConfigurations = (
				D8A2B00D2403CAE3003DB159 /* Debug */,
				D8A2B00E2403CAE3003DB159 /* Release */,
			);
			defaultConfigurationIsVisible = 0;
			defaultConfigurationName = Release;
		};
		D8A2B00F2403CAE3003DB159 /* Build configuration list for PBXNativeTarget "UC VISION" */ = {
			isa = XCConfigurationList;
			buildConfigurations = (
				D8A2B0102403CAE3003DB159 /* Debug */,
				D8A2B0112403CAE3003DB159 /* Release */,
			);
			defaultConfigurationIsVisible = 0;
			defaultConfigurationName = Release;
		};
/* End XCConfigurationList section */
	};
	rootObject = D8A2AFF32403CADB003DB159 /* Project object */;
}
